
Microsoft Visual Studio Solution File, Format Version 12.00
# Visual Studio Version 17
VisualStudioVersion = 17.5.33516.290
MinimumVisualStudioVersion = 10.0.40219.1
Project("{9A19103F-16F7-4668-BE54-9A1E7A4F7556}") = "ECommerceApp.Presentation", "ECommerceApp.Presentation\ECommerceApp.Presentation.csproj", "{C4FB27B0-2E92-4B8A-B5B1-3EB280C0C44F}"
EndProject
Project("{9A19103F-16F7-4668-BE54-9A1E7A4F7556}") = "ECommerceApp.Business", "ECommerceApp.Business\ECommerceApp.Business.csproj", "{3B3739D4-9FCA-49D1-AD1B-FFA497FB6934}"
EndProject
Project("{9A19103F-16F7-4668-BE54-9A1E7A4F7556}") = "ECommerceApp.Data", "ECommerceApp.Data\ECommerceApp.Data.csproj", "{35407694-AEF8-431E-8353-77367BB17833}"
EndProject
Project("{FAE04EC0-301F-11D3-BF4B-00C04F79EFBC}") = "ECommerceApp.Tests", "ECommerceApp.Tests\ECommerceApp.Tests.csproj", "{EC496338-1DD3-4B07-8763-CECA88E69E11}"
EndProject
Global
	GlobalSection(SolutionConfigurationPlatforms) = preSolution
		Debug|Any CPU = Debug|Any CPU
		Release|Any CPU = Release|Any CPU
	EndGlobalSection
	GlobalSection(ProjectConfigurationPlatforms) = postSolution
		{C4FB27B0-2E92-4B8A-B5B1-3EB280C0C44F}.Debug|Any CPU.ActiveCfg = Debug|Any CPU
		{C4FB27B0-2E92-4B8A-B5B1-3EB280C0C44F}.Debug|Any CPU.Build.0 = Debug|Any CPU
		{C4FB27B0-2E92-4B8A-B5B1-3EB280C0C44F}.Release|Any CPU.ActiveCfg = Release|Any CPU
		{C4FB27B0-2E92-4B8A-B5B1-3EB280C0C44F}.Release|Any CPU.Build.0 = Release|Any CPU
		{3B3739D4-9FCA-49D1-AD1B-FFA497FB6934}.Debug|Any CPU.ActiveCfg = Debug|Any CPU
		{3B3739D4-9FCA-49D1-AD1B-FFA497FB6934}.Debug|Any CPU.Build.0 = Debug|Any CPU
		{3B3739D4-9FCA-49D1-AD1B-FFA497FB6934}.Release|Any CPU.ActiveCfg = Release|Any CPU
		{3B3739D4-9FCA-49D1-AD1B-FFA497FB6934}.Release|Any CPU.Build.0 = Release|Any CPU
		{35407694-AEF8-431E-8353-77367BB17833}.Debug|Any CPU.ActiveCfg = Debug|Any CPU
		{35407694-AEF8-431E-8353-77367BB17833}.Debug|Any CPU.Build.0 = Debug|Any CPU
		{35407694-AEF8-431E-8353-77367BB17833}.Release|Any CPU.ActiveCfg = Release|Any CPU
		{35407694-AEF8-431E-8353-77367BB17833}.Release|Any CPU.Build.0 = Release|Any CPU
		{EC496338-1DD3-4B07-8763-CECA88E69E11}.Debug|Any CPU.ActiveCfg = Debug|Any CPU
		{EC496338-1DD3-4B07-8763-CECA88E69E11}.Debug|Any CPU.Build.0 = Debug|Any CPU
		{EC496338-1DD3-4B07-8763-CECA88E69E11}.Release|Any CPU.ActiveCfg = Release|Any CPU
		{EC496338-1DD3-4B07-8763-CECA88E69E11}.Release|Any CPU.Build.0 = Release|Any CPU
	EndGlobalSection
	GlobalSection(SolutionProperties) = preSolution
		HideSolutionNode = FALSE
	EndGlobalSection
	GlobalSection(ExtensibilityGlobals) = postSolution
		SolutionGuid = {F9369810-CE8A-49F9-B827-15186DD391AC}
	EndGlobalSection
EndGlobal
